
Microsoft Visual Studio Solution File, Format Version 12.00
# Visual Studio Version 17
VisualStudioVersion = 17.4.33213.308
MinimumVisualStudioVersion = 10.0.40219.1
Project("{9A19103F-16F7-4668-BE54-9A1E7A4F7556}") = "CausalModel", "CausalModel\CausalModel.csproj", "{182EB958-0364-42E4-8FAD-AC1A32BAD47B}"
EndProject
Project("{9A19103F-16F7-4668-BE54-9A1E7A4F7556}") = "CausalModel.Tests", "CausalModel.Tests\CausalModel.Tests.csproj", "{87EE0238-DD00-45E0-9F93-BA86ED8DE4D8}"
EndProject
Project("{9A19103F-16F7-4668-BE54-9A1E7A4F7556}") = "CausalModel.Demo", "CausalModel.Demo\CausalModel.Demo.csproj", "{6101B5B1-614A-4306-ADBB-D4F81B3BF10C}"
EndProject
Project("{9A19103F-16F7-4668-BE54-9A1E7A4F7556}") = "CausalModel.CLI", "CausalModel.CLI\CausalModel.CLI.csproj", "{FE77E70F-8C35-4568-B21E-6E73BE9E2239}"
EndProject
Global
	GlobalSection(SolutionConfigurationPlatforms) = preSolution
		Debug|Any CPU = Debug|Any CPU
		Release|Any CPU = Release|Any CPU
	EndGlobalSection
	GlobalSection(ProjectConfigurationPlatforms) = postSolution
		{182EB958-0364-42E4-8FAD-AC1A32BAD47B}.Debug|Any CPU.ActiveCfg = Debug|Any CPU
		{182EB958-0364-42E4-8FAD-AC1A32BAD47B}.Debug|Any CPU.Build.0 = Debug|Any CPU
		{182EB958-0364-42E4-8FAD-AC1A32BAD47B}.Release|Any CPU.ActiveCfg = Release|Any CPU
		{182EB958-0364-42E4-8FAD-AC1A32BAD47B}.Release|Any CPU.Build.0 = Release|Any CPU
		{87EE0238-DD00-45E0-9F93-BA86ED8DE4D8}.Debug|Any CPU.ActiveCfg = Debug|Any CPU
		{87EE0238-DD00-45E0-9F93-BA86ED8DE4D8}.Debug|Any CPU.Build.0 = Debug|Any CPU
		{87EE0238-DD00-45E0-9F93-BA86ED8DE4D8}.Release|Any CPU.ActiveCfg = Release|Any CPU
		{87EE0238-DD00-45E0-9F93-BA86ED8DE4D8}.Release|Any CPU.Build.0 = Release|Any CPU
		{6101B5B1-614A-4306-ADBB-D4F81B3BF10C}.Debug|Any CPU.ActiveCfg = Debug|Any CPU
		{6101B5B1-614A-4306-ADBB-D4F81B3BF10C}.Debug|Any CPU.Build.0 = Debug|Any CPU
		{6101B5B1-614A-4306-ADBB-D4F81B3BF10C}.Release|Any CPU.ActiveCfg = Release|Any CPU
		{6101B5B1-614A-4306-ADBB-D4F81B3BF10C}.Release|Any CPU.Build.0 = Release|Any CPU
		{FE77E70F-8C35-4568-B21E-6E73BE9E2239}.Debug|Any CPU.ActiveCfg = Debug|Any CPU
		{FE77E70F-8C35-4568-B21E-6E73BE9E2239}.Debug|Any CPU.Build.0 = Debug|Any CPU
		{FE77E70F-8C35-4568-B21E-6E73BE9E2239}.Release|Any CPU.ActiveCfg = Release|Any CPU
		{FE77E70F-8C35-4568-B21E-6E73BE9E2239}.Release|Any CPU.Build.0 = Release|Any CPU
	EndGlobalSection
	GlobalSection(SolutionProperties) = preSolution
		HideSolutionNode = FALSE
	EndGlobalSection
	GlobalSection(ExtensibilityGlobals) = postSolution
		SolutionGuid = {F940FAC9-4BE4-404C-9F02-449471C7542D}
	EndGlobalSection
EndGlobal
